// !$*UTF8*$!
{
	archiveVersion = 1;
	classes = {
	};
	objectVersion = 55;
	objects = {

/* Begin PBXBuildFile section */
		00DE5887611750EAF4D30412 /* WSCompression.swift in Sources */ = {isa = PBXBuildFile; fileRef = 89F3FB01773D73DCEA8EA8A6 /* WSCompression.swift */; };
		035855EEA5B5440EB13EBE38 /* TCPTransport.swift in Sources */ = {isa = PBXBuildFile; fileRef = F93AD2B63C1FA74A30E54F00 /* TCPTransport.swift */; };
		088591219D43B40C86CE5035 /* Engine.swift in Sources */ = {isa = PBXBuildFile; fileRef = A86EC464B401EB16FB84FDC0 /* Engine.swift */; };
		10ACB43D2478FF419FCBC102 /* WebSocket.swift in Sources */ = {isa = PBXBuildFile; fileRef = AAD5B26CF8D70FF7BD969685 /* WebSocket.swift */; };
		10C1781FCDBBA376CEF0C446 /* FoundationHTTPHandler.swift in Sources */ = {isa = PBXBuildFile; fileRef = 48EA5231B9FE88E1DA60831E /* FoundationHTTPHandler.swift */; };
		26C39BCBA31586AAF336DBB2 /* FoundationTransport.swift in Sources */ = {isa = PBXBuildFile; fileRef = 7070B02052413CBC65D0E23F /* FoundationTransport.swift */; };
		274EAB28F18A6BB0454435DA /* NativeEngine.swift in Sources */ = {isa = PBXBuildFile; fileRef = 8F3E26FC877B8188D80C31D5 /* NativeEngine.swift */; };
		2C3D63BCB2C0CE1D7C3BA64F /* FrameCollector.swift in Sources */ = {isa = PBXBuildFile; fileRef = FB5214A5DB61EEC3F073B676 /* FrameCollector.swift */; };
		37527639DB7FE4815ACB4418 /* WebSocketServer.swift in Sources */ = {isa = PBXBuildFile; fileRef = F73810440D594F15DDF8D496 /* WebSocketServer.swift */; };
		39FBE6D94DCE58CB4D99914A /* Framer.swift in Sources */ = {isa = PBXBuildFile; fileRef = DF0AA0FF802852EE27F6B599 /* Framer.swift */; };
		45E4DB38E3D85BC859865905 /* StringHTTPHandler.swift in Sources */ = {isa = PBXBuildFile; fileRef = 75A7E59C039E9A4CDEB72FE7 /* StringHTTPHandler.swift */; };
		6012498B46142969EA971565 /* FoundationHTTPServerHandler.swift in Sources */ = {isa = PBXBuildFile; fileRef = 3FEDD8E866DC28666F1C637C /* FoundationHTTPServerHandler.swift */; };
		60301AD0B93F3D4FF1851141 /* WSEngine.swift in Sources */ = {isa = PBXBuildFile; fileRef = B590367BDB6C1ED069EDA70A /* WSEngine.swift */; };
		60F457A4AE20C50BBDA83E02 /* TuistBundle+Starscream.swift in Sources */ = {isa = PBXBuildFile; fileRef = 46032B90A48B9BDC25394C40 /* TuistBundle+Starscream.swift */; };
		6555305DB15F8D84ED368501 /* Data+Extensions.swift in Sources */ = {isa = PBXBuildFile; fileRef = 5514A13A3661ADF6AC7C9EB0 /* Data+Extensions.swift */; };
		975DB646EF92E0CF574166B7 /* Security.swift in Sources */ = {isa = PBXBuildFile; fileRef = 3277916AE7097183746A02EF /* Security.swift */; };
		B57CD7945FF0F0553CF7F7A1 /* PrivacyInfo.xcprivacy in Resources */ = {isa = PBXBuildFile; fileRef = 940ED1F043FA8239980F1EFD /* PrivacyInfo.xcprivacy */; };
		B5809BF8BE0796819BA8D6CA /* Transport.swift in Sources */ = {isa = PBXBuildFile; fileRef = B410945D05F1362351C60E60 /* Transport.swift */; };
		C0C8BFDFBB0D54B461B68601 /* Server.swift in Sources */ = {isa = PBXBuildFile; fileRef = FB712A22772BD4855D7AAD49 /* Server.swift */; };
		C70C17FA6A601D6B0383AC9A /* FoundationSecurity.swift in Sources */ = {isa = PBXBuildFile; fileRef = A87EFB4BC7C45FF0E1A2B884 /* FoundationSecurity.swift */; };
		CB6C5EE622CAB7036306AE13 /* Compression.swift in Sources */ = {isa = PBXBuildFile; fileRef = 6CB8D5EBC135A6B59BE3FB50 /* Compression.swift */; };
		F8119C082E324D8079F1F999 /* HTTPHandler.swift in Sources */ = {isa = PBXBuildFile; fileRef = F16E5DE44B00A11418CFBDEE /* HTTPHandler.swift */; };
/* End PBXBuildFile section */

/* Begin PBXContainerItemProxy section */
		58CD5DF10082C6FC131F1897 /* PBXContainerItemProxy */ = {
			isa = PBXContainerItemProxy;
			containerPortal = 275C2116BC66F0AC827AEDDC /* Project object */;
			proxyType = 1;
			remoteGlobalIDString = 4CBF6469F927131D35C9F15B;
			remoteInfo = Starscream_Starscream;
		};
/* End PBXContainerItemProxy section */

/* Begin PBXCopyFilesBuildPhase section */
		1BF167F701E3A3F3C4E1A9BD /* Embed Frameworks */ = {
			isa = PBXCopyFilesBuildPhase;
			buildActionMask = 2147483647;
			dstPath = "";
			dstSubfolderSpec = 10;
			files = (
			);
			name = "Embed Frameworks";
			runOnlyForDeploymentPostprocessing = 0;
		};
		C9BD5CF26B2B57BA04BD59F1 /* Embed Frameworks */ = {
			isa = PBXCopyFilesBuildPhase;
			buildActionMask = 2147483647;
			dstPath = "";
			dstSubfolderSpec = 10;
			files = (
			);
			name = "Embed Frameworks";
			runOnlyForDeploymentPostprocessing = 0;
		};
/* End PBXCopyFilesBuildPhase section */

/* Begin PBXFileReference section */
		14C1C37D7AEEC93A80D11562 /* Starscream.framework */ = {isa = PBXFileReference; explicitFileType = wrapper.framework; includeInIndex = 0; path = Starscream.framework; sourceTree = BUILT_PRODUCTS_DIR; };
		3277916AE7097183746A02EF /* Security.swift */ = {isa = PBXFileReference; lastKnownFileType = sourcecode.swift; path = Security.swift; sourceTree = "<group>"; };
		3FEDD8E866DC28666F1C637C /* FoundationHTTPServerHandler.swift */ = {isa = PBXFileReference; lastKnownFileType = sourcecode.swift; path = FoundationHTTPServerHandler.swift; sourceTree = "<group>"; };
		46032B90A48B9BDC25394C40 /* TuistBundle+Starscream.swift */ = {isa = PBXFileReference; lastKnownFileType = sourcecode.swift; path = "TuistBundle+Starscream.swift"; sourceTree = "<group>"; };
		48EA5231B9FE88E1DA60831E /* FoundationHTTPHandler.swift */ = {isa = PBXFileReference; lastKnownFileType = sourcecode.swift; path = FoundationHTTPHandler.swift; sourceTree = "<group>"; };
		5514A13A3661ADF6AC7C9EB0 /* Data+Extensions.swift */ = {isa = PBXFileReference; lastKnownFileType = sourcecode.swift; path = "Data+Extensions.swift"; sourceTree = "<group>"; };
		6CB8D5EBC135A6B59BE3FB50 /* Compression.swift */ = {isa = PBXFileReference; lastKnownFileType = sourcecode.swift; path = Compression.swift; sourceTree = "<group>"; };
		7070B02052413CBC65D0E23F /* FoundationTransport.swift */ = {isa = PBXFileReference; lastKnownFileType = sourcecode.swift; path = FoundationTransport.swift; sourceTree = "<group>"; };
		75A7E59C039E9A4CDEB72FE7 /* StringHTTPHandler.swift */ = {isa = PBXFileReference; lastKnownFileType = sourcecode.swift; path = StringHTTPHandler.swift; sourceTree = "<group>"; };
		870DA11E90477628A21AACC6 /* Starscream_Starscream-Info.plist */ = {isa = PBXFileReference; lastKnownFileType = text.plist; path = "Starscream_Starscream-Info.plist"; sourceTree = "<group>"; };
		89F3FB01773D73DCEA8EA8A6 /* WSCompression.swift */ = {isa = PBXFileReference; lastKnownFileType = sourcecode.swift; path = WSCompression.swift; sourceTree = "<group>"; };
		8F3E26FC877B8188D80C31D5 /* NativeEngine.swift */ = {isa = PBXFileReference; lastKnownFileType = sourcecode.swift; path = NativeEngine.swift; sourceTree = "<group>"; };
		940ED1F043FA8239980F1EFD /* PrivacyInfo.xcprivacy */ = {isa = PBXFileReference; path = PrivacyInfo.xcprivacy; sourceTree = "<group>"; };
		A86EC464B401EB16FB84FDC0 /* Engine.swift */ = {isa = PBXFileReference; lastKnownFileType = sourcecode.swift; path = Engine.swift; sourceTree = "<group>"; };
		A87EFB4BC7C45FF0E1A2B884 /* FoundationSecurity.swift */ = {isa = PBXFileReference; lastKnownFileType = sourcecode.swift; path = FoundationSecurity.swift; sourceTree = "<group>"; };
		AAD5B26CF8D70FF7BD969685 /* WebSocket.swift */ = {isa = PBXFileReference; lastKnownFileType = sourcecode.swift; path = WebSocket.swift; sourceTree = "<group>"; };
		B410945D05F1362351C60E60 /* Transport.swift */ = {isa = PBXFileReference; lastKnownFileType = sourcecode.swift; path = Transport.swift; sourceTree = "<group>"; };
		B590367BDB6C1ED069EDA70A /* WSEngine.swift */ = {isa = PBXFileReference; lastKnownFileType = sourcecode.swift; path = WSEngine.swift; sourceTree = "<group>"; };
		D29DDD693A7EF84AC3B4A4DD /* Starscream_Starscream.bundle */ = {isa = PBXFileReference; explicitFileType = wrapper.cfbundle; includeInIndex = 0; path = Starscream_Starscream.bundle; sourceTree = BUILT_PRODUCTS_DIR; };
		DF0AA0FF802852EE27F6B599 /* Framer.swift */ = {isa = PBXFileReference; lastKnownFileType = sourcecode.swift; path = Framer.swift; sourceTree = "<group>"; };
		F16E5DE44B00A11418CFBDEE /* HTTPHandler.swift */ = {isa = PBXFileReference; lastKnownFileType = sourcecode.swift; path = HTTPHandler.swift; sourceTree = "<group>"; };
		F73810440D594F15DDF8D496 /* WebSocketServer.swift */ = {isa = PBXFileReference; lastKnownFileType = sourcecode.swift; path = WebSocketServer.swift; sourceTree = "<group>"; };
		F93AD2B63C1FA74A30E54F00 /* TCPTransport.swift */ = {isa = PBXFileReference; lastKnownFileType = sourcecode.swift; path = TCPTransport.swift; sourceTree = "<group>"; };
		F9550E26758E533216A4BF99 /* Starscream-Info.plist */ = {isa = PBXFileReference; lastKnownFileType = text.plist; path = "Starscream-Info.plist"; sourceTree = "<group>"; };
		FB5214A5DB61EEC3F073B676 /* FrameCollector.swift */ = {isa = PBXFileReference; lastKnownFileType = sourcecode.swift; path = FrameCollector.swift; sourceTree = "<group>"; };
		FB712A22772BD4855D7AAD49 /* Server.swift */ = {isa = PBXFileReference; lastKnownFileType = sourcecode.swift; path = Server.swift; sourceTree = "<group>"; };
/* End PBXFileReference section */

/* Begin PBXFrameworksBuildPhase section */
		048489E70396FEBCE549237B /* Frameworks */ = {
			isa = PBXFrameworksBuildPhase;
			buildActionMask = 2147483647;
			files = (
			);
			runOnlyForDeploymentPostprocessing = 0;
		};
		F6AA09FAC6BF5156549AEBF9 /* Frameworks */ = {
			isa = PBXFrameworksBuildPhase;
			buildActionMask = 2147483647;
			files = (
			);
			runOnlyForDeploymentPostprocessing = 0;
		};
/* End PBXFrameworksBuildPhase section */

/* Begin PBXGroup section */
		18B2C9B4D953649D5ADA1844 /* Server */ = {
			isa = PBXGroup;
			children = (
				FB712A22772BD4855D7AAD49 /* Server.swift */,
				F73810440D594F15DDF8D496 /* WebSocketServer.swift */,
			);
			path = Server;
			sourceTree = "<group>";
		};
		5AD407A9A931A0E14BB8E196 /* Starscream */ = {
			isa = PBXGroup;
			children = (
				AAD5B26CF8D70FF7BD969685 /* WebSocket.swift */,
			);
			path = Starscream;
			sourceTree = "<group>";
		};
		5CE1C5E4AE6E5890E0289519 /* Engine */ = {
			isa = PBXGroup;
			children = (
				A86EC464B401EB16FB84FDC0 /* Engine.swift */,
				8F3E26FC877B8188D80C31D5 /* NativeEngine.swift */,
				B590367BDB6C1ED069EDA70A /* WSEngine.swift */,
			);
			path = Engine;
			sourceTree = "<group>";
		};
		6F95FC86D8AD5CF4714A8F7A /* Derived */ = {
			isa = PBXGroup;
			children = (
				D10E1B2EAF252F806CB1374A /* InfoPlists */,
				8D9309F7FE3C29B8916BBFAE /* Sources */,
			);
			path = Derived;
			sourceTree = "<group>";
		};
		7548FCB3C39A65F3700D2ADC /* Framer */ = {
			isa = PBXGroup;
			children = (
				48EA5231B9FE88E1DA60831E /* FoundationHTTPHandler.swift */,
				3FEDD8E866DC28666F1C637C /* FoundationHTTPServerHandler.swift */,
				FB5214A5DB61EEC3F073B676 /* FrameCollector.swift */,
				DF0AA0FF802852EE27F6B599 /* Framer.swift */,
				F16E5DE44B00A11418CFBDEE /* HTTPHandler.swift */,
				75A7E59C039E9A4CDEB72FE7 /* StringHTTPHandler.swift */,
			);
			path = Framer;
			sourceTree = "<group>";
		};
		86F1FB618D237AEA175E10A0 /* Compression */ = {
			isa = PBXGroup;
			children = (
				6CB8D5EBC135A6B59BE3FB50 /* Compression.swift */,
				89F3FB01773D73DCEA8EA8A6 /* WSCompression.swift */,
			);
			path = Compression;
			sourceTree = "<group>";
		};
		87A56B7F6211C310A246F211 /* Transport */ = {
			isa = PBXGroup;
			children = (
				7070B02052413CBC65D0E23F /* FoundationTransport.swift */,
				F93AD2B63C1FA74A30E54F00 /* TCPTransport.swift */,
				B410945D05F1362351C60E60 /* Transport.swift */,
			);
			path = Transport;
			sourceTree = "<group>";
		};
		8846706AEBEC688ECAED6F3B /* Project */ = {
			isa = PBXGroup;
			children = (
				6F95FC86D8AD5CF4714A8F7A /* Derived */,
				EB74B23788FD0A6003A26305 /* Sources */,
			);
			name = Project;
			sourceTree = "<group>";
		};
		8A67C3EAA533A4B58F51F741 /* Security */ = {
			isa = PBXGroup;
			children = (
				A87EFB4BC7C45FF0E1A2B884 /* FoundationSecurity.swift */,
				3277916AE7097183746A02EF /* Security.swift */,
			);
			path = Security;
			sourceTree = "<group>";
		};
		8D9309F7FE3C29B8916BBFAE /* Sources */ = {
			isa = PBXGroup;
			children = (
				46032B90A48B9BDC25394C40 /* TuistBundle+Starscream.swift */,
			);
			path = Sources;
			sourceTree = "<group>";
		};
		C70791CB16D489E319B7BA1C /* DataBytes */ = {
			isa = PBXGroup;
			children = (
				5514A13A3661ADF6AC7C9EB0 /* Data+Extensions.swift */,
			);
			path = DataBytes;
			sourceTree = "<group>";
		};
		D10E1B2EAF252F806CB1374A /* InfoPlists */ = {
			isa = PBXGroup;
			children = (
				870DA11E90477628A21AACC6 /* Starscream_Starscream-Info.plist */,
				F9550E26758E533216A4BF99 /* Starscream-Info.plist */,
			);
			path = InfoPlists;
			sourceTree = "<group>";
		};
		EB74B23788FD0A6003A26305 /* Sources */ = {
			isa = PBXGroup;
			children = (
				86F1FB618D237AEA175E10A0 /* Compression */,
				C70791CB16D489E319B7BA1C /* DataBytes */,
				5CE1C5E4AE6E5890E0289519 /* Engine */,
				7548FCB3C39A65F3700D2ADC /* Framer */,
				8A67C3EAA533A4B58F51F741 /* Security */,
				18B2C9B4D953649D5ADA1844 /* Server */,
				5AD407A9A931A0E14BB8E196 /* Starscream */,
				87A56B7F6211C310A246F211 /* Transport */,
				940ED1F043FA8239980F1EFD /* PrivacyInfo.xcprivacy */,
			);
			path = Sources;
			sourceTree = "<group>";
		};
		EC0ED976F3242127DB3AB29B = {
			isa = PBXGroup;
			children = (
				F8764B04F3B6CC2D1EC3BF53 /* Products */,
				8846706AEBEC688ECAED6F3B /* Project */,
			);
			sourceTree = "<group>";
		};
		F8764B04F3B6CC2D1EC3BF53 /* Products */ = {
			isa = PBXGroup;
			children = (
				D29DDD693A7EF84AC3B4A4DD /* Starscream_Starscream.bundle */,
				14C1C37D7AEEC93A80D11562 /* Starscream.framework */,
			);
			name = Products;
			sourceTree = "<group>";
		};
/* End PBXGroup section */

/* Begin PBXNativeTarget section */
		49B615F8242FEFCF783EC8F0 /* Starscream */ = {
			isa = PBXNativeTarget;
			buildConfigurationList = A245351F01698B753F656BBD /* Build configuration list for PBXNativeTarget "Starscream" */;
			buildPhases = (
				A3B43401C50AE84681AB0885 /* Sources */,
				7C79B7998F56307552FE8C55 /* Resources */,
				F6AA09FAC6BF5156549AEBF9 /* Frameworks */,
				1BF167F701E3A3F3C4E1A9BD /* Embed Frameworks */,
			);
			buildRules = (
			);
			dependencies = (
				A2A2FCF09C5244C971315382 /* PBXTargetDependency */,
			);
			name = Starscream;
			packageProductDependencies = (
			);
			productName = Starscream;
			productReference = 14C1C37D7AEEC93A80D11562 /* Starscream.framework */;
			productType = "com.apple.product-type.framework";
		};
		4CBF6469F927131D35C9F15B /* Starscream_Starscream */ = {
			isa = PBXNativeTarget;
			buildConfigurationList = BFB59D2EE74615343C1EA8F5 /* Build configuration list for PBXNativeTarget "Starscream_Starscream" */;
			buildPhases = (
				46DEBE4E0C0FC2F35D5C3F9D /* Sources */,
				4EE275C05743D8D141179972 /* Resources */,
				048489E70396FEBCE549237B /* Frameworks */,
				C9BD5CF26B2B57BA04BD59F1 /* Embed Frameworks */,
			);
			buildRules = (
			);
			dependencies = (
			);
			name = Starscream_Starscream;
			packageProductDependencies = (
			);
			productName = Starscream_Starscream;
			productReference = D29DDD693A7EF84AC3B4A4DD /* Starscream_Starscream.bundle */;
			productType = "com.apple.product-type.bundle";
		};
/* End PBXNativeTarget section */

/* Begin PBXProject section */
		275C2116BC66F0AC827AEDDC /* Project object */ = {
			isa = PBXProject;
			attributes = {
				BuildIndependentTargetsInParallel = YES;
				LastUpgradeCheck = 9999;
				TargetAttributes = {
				};
			};
			buildConfigurationList = FE551F1CF43145CCFFD047A2 /* Build configuration list for PBXProject "Starscream" */;
			compatibilityVersion = "Xcode 14.0";
			developmentRegion = en;
			hasScannedForEncodings = 0;
			knownRegions = (
				Base,
				en,
			);
			mainGroup = EC0ED976F3242127DB3AB29B;
			productRefGroup = F8764B04F3B6CC2D1EC3BF53 /* Products */;
			projectDirPath = "";
			projectRoot = "";
			targets = (
				49B615F8242FEFCF783EC8F0 /* Starscream */,
				4CBF6469F927131D35C9F15B /* Starscream_Starscream */,
			);
		};
/* End PBXProject section */

/* Begin PBXResourcesBuildPhase section */
		4EE275C05743D8D141179972 /* Resources */ = {
			isa = PBXResourcesBuildPhase;
			buildActionMask = 2147483647;
			files = (
				B57CD7945FF0F0553CF7F7A1 /* PrivacyInfo.xcprivacy in Resources */,
			);
			runOnlyForDeploymentPostprocessing = 0;
		};
		7C79B7998F56307552FE8C55 /* Resources */ = {
			isa = PBXResourcesBuildPhase;
			buildActionMask = 2147483647;
			files = (
			);
			runOnlyForDeploymentPostprocessing = 0;
		};
/* End PBXResourcesBuildPhase section */

/* Begin PBXSourcesBuildPhase section */
		46DEBE4E0C0FC2F35D5C3F9D /* Sources */ = {
			isa = PBXSourcesBuildPhase;
			buildActionMask = 2147483647;
			files = (
			);
			runOnlyForDeploymentPostprocessing = 0;
		};
		A3B43401C50AE84681AB0885 /* Sources */ = {
			isa = PBXSourcesBuildPhase;
			buildActionMask = 2147483647;
			files = (
				60F457A4AE20C50BBDA83E02 /* TuistBundle+Starscream.swift in Sources */,
				CB6C5EE622CAB7036306AE13 /* Compression.swift in Sources */,
				00DE5887611750EAF4D30412 /* WSCompression.swift in Sources */,
				6555305DB15F8D84ED368501 /* Data+Extensions.swift in Sources */,
				088591219D43B40C86CE5035 /* Engine.swift in Sources */,
				274EAB28F18A6BB0454435DA /* NativeEngine.swift in Sources */,
				60301AD0B93F3D4FF1851141 /* WSEngine.swift in Sources */,
				10C1781FCDBBA376CEF0C446 /* FoundationHTTPHandler.swift in Sources */,
				6012498B46142969EA971565 /* FoundationHTTPServerHandler.swift in Sources */,
				2C3D63BCB2C0CE1D7C3BA64F /* FrameCollector.swift in Sources */,
				39FBE6D94DCE58CB4D99914A /* Framer.swift in Sources */,
				F8119C082E324D8079F1F999 /* HTTPHandler.swift in Sources */,
				45E4DB38E3D85BC859865905 /* StringHTTPHandler.swift in Sources */,
				C70C17FA6A601D6B0383AC9A /* FoundationSecurity.swift in Sources */,
				975DB646EF92E0CF574166B7 /* Security.swift in Sources */,
				C0C8BFDFBB0D54B461B68601 /* Server.swift in Sources */,
				37527639DB7FE4815ACB4418 /* WebSocketServer.swift in Sources */,
				10ACB43D2478FF419FCBC102 /* WebSocket.swift in Sources */,
				26C39BCBA31586AAF336DBB2 /* FoundationTransport.swift in Sources */,
				035855EEA5B5440EB13EBE38 /* TCPTransport.swift in Sources */,
				B5809BF8BE0796819BA8D6CA /* Transport.swift in Sources */,
			);
			runOnlyForDeploymentPostprocessing = 0;
		};
/* End PBXSourcesBuildPhase section */

/* Begin PBXTargetDependency section */
		A2A2FCF09C5244C971315382 /* PBXTargetDependency */ = {
			isa = PBXTargetDependency;
			name = Starscream_Starscream;
			target = 4CBF6469F927131D35C9F15B /* Starscream_Starscream */;
			targetProxy = 58CD5DF10082C6FC131F1897 /* PBXContainerItemProxy */;
		};
/* End PBXTargetDependency section */

/* Begin XCBuildConfiguration section */
		1DE1575AB293F019D7E03315 /* Alpha */ = {
			isa = XCBuildConfiguration;
			buildSettings = {
				ALWAYS_SEARCH_USER_PATHS = YES;
				CLANG_ANALYZER_LOCALIZABILITY_NONLOCALIZED = YES;
				CLANG_ANALYZER_NONNULL = YES;
				CLANG_ANALYZER_NUMBER_OBJECT_CONVERSION = YES_AGGRESSIVE;
				CLANG_CXX_LANGUAGE_STANDARD = "gnu++14";
				CLANG_CXX_LIBRARY = "libc++";
				CLANG_ENABLE_MODULES = YES;
				CLANG_ENABLE_OBJC_ARC = YES;
				CLANG_ENABLE_OBJC_WEAK = NO;
				CLANG_WARN_BLOCK_CAPTURE_AUTORELEASING = YES;
				CLANG_WARN_BOOL_CONVERSION = YES;
				CLANG_WARN_COMMA = YES;
				CLANG_WARN_CONSTANT_CONVERSION = YES;
				CLANG_WARN_DEPRECATED_OBJC_IMPLEMENTATIONS = YES;
				CLANG_WARN_DIRECT_OBJC_ISA_USAGE = YES_ERROR;
				CLANG_WARN_DOCUMENTATION_COMMENTS = YES;
				CLANG_WARN_EMPTY_BODY = YES;
				CLANG_WARN_ENUM_CONVERSION = YES;
				CLANG_WARN_INFINITE_RECURSION = YES;
				CLANG_WARN_INT_CONVERSION = YES;
				CLANG_WARN_NON_LITERAL_NULL_CONVERSION = YES;
				CLANG_WARN_OBJC_IMPLICIT_RETAIN_SELF = YES;
				CLANG_WARN_OBJC_LITERAL_CONVERSION = YES;
				CLANG_WARN_OBJC_ROOT_CLASS = YES_ERROR;
				CLANG_WARN_QUOTED_INCLUDE_IN_FRAMEWORK_HEADER = NO;
				CLANG_WARN_RANGE_LOOP_ANALYSIS = YES;
				CLANG_WARN_STRICT_PROTOTYPES = YES;
				CLANG_WARN_SUSPICIOUS_MOVE = YES;
				CLANG_WARN_UNGUARDED_AVAILABILITY = YES_AGGRESSIVE;
				CLANG_WARN_UNREACHABLE_CODE = YES;
				CLANG_WARN__DUPLICATE_METHOD_MATCH = YES;
				COPY_PHASE_STRIP = NO;
				DEAD_CODE_STRIPPING = YES;
				DEBUG_INFORMATION_FORMAT = "dwarf-with-dsym";
				ENABLE_NS_ASSERTIONS = NO;
				ENABLE_STRICT_OBJC_MSGSEND = NO;
				FRAMEWORK_SEARCH_PATHS = (
					"$(inherited)",
					"$(PLATFORM_DIR)/Developer/Library/Frameworks",
				);
				GCC_C_LANGUAGE_STANDARD = gnu11;
				GCC_NO_COMMON_BLOCKS = NO;
				GCC_PREPROCESSOR_DEFINITIONS = (
					"$(inherited)",
					"SWIFT_PACKAGE=1",
				);
				GCC_WARN_64_TO_32_BIT_CONVERSION = YES;
				GCC_WARN_ABOUT_RETURN_TYPE = YES_ERROR;
				GCC_WARN_INHIBIT_ALL_WARNINGS = YES;
				GCC_WARN_UNDECLARED_SELECTOR = YES;
				GCC_WARN_UNINITIALIZED_AUTOS = YES_AGGRESSIVE;
				GCC_WARN_UNUSED_FUNCTION = YES;
				GCC_WARN_UNUSED_VARIABLE = YES;
				MTL_ENABLE_DEBUG_INFO = NO;
				PRODUCT_NAME = "$(TARGET_NAME)";
				SWIFT_ACTIVE_COMPILATION_CONDITIONS = (
					"$(inherited)",
					SWIFT_PACKAGE,
				);
				SWIFT_SUPPRESS_WARNINGS = YES;
				SWIFT_VERSION = 5;
				USE_HEADERMAP = NO;
				VALIDATE_PRODUCT = YES;
			};
			name = Alpha;
		};
		33601E722D3898C78210C43E /* Alpha */ = {
			isa = XCBuildConfiguration;
			buildSettings = {
				CODE_SIGN_IDENTITY = "";
				COMBINE_HIDPI_IMAGES = YES;
				CURRENT_PROJECT_VERSION = 1;
				DEFINES_MODULE = YES;
				DYLIB_COMPATIBILITY_VERSION = 1;
				DYLIB_CURRENT_VERSION = 1;
				DYLIB_INSTALL_NAME_BASE = "@rpath";
				FRAMEWORK_VERSION = A;
				INFOPLIST_FILE = "Derived/InfoPlists/Starscream-Info.plist";
				INSTALL_PATH = "$(LOCAL_LIBRARY_DIR)/Frameworks";
				LD_RUNPATH_SEARCH_PATHS = (
					"$(inherited)",
					"@executable_path/../Frameworks",
					"@loader_path/../Frameworks",
				);
				MACH_O_TYPE = staticlib;
				MACOSX_DEPLOYMENT_TARGET = 11.0;
				OTHER_SWIFT_FLAGS = "$(inherited)";
				PACKAGE_RESOURCE_BUNDLE_NAME = Starscream_Starscream;
				PACKAGE_RESOURCE_TARGET_KIND = regular;
				PRODUCT_BUNDLE_IDENTIFIER = Starscream;
				PRODUCT_NAME = Starscream;
				SDKROOT = macosx;
				SKIP_INSTALL = YES;
				SWIFT_COMPILATION_MODE = wholemodule;
				SWIFT_OPTIMIZATION_LEVEL = "-O";
				VERSIONING_SYSTEM = "apple-generic";
				VERSION_INFO_PREFIX = "";
			};
			name = Alpha;
		};
		378572E4B909360193FA414D /* Wiretapped */ = {
			isa = XCBuildConfiguration;
			buildSettings = {
				CODE_SIGNING_ALLOWED = NO;
				CODE_SIGN_IDENTITY = "-";
				GENERATE_MASTER_OBJECT_FILE = NO;
				INFOPLIST_FILE = "Derived/InfoPlists/Starscream_Starscream-Info.plist";
				MACOSX_DEPLOYMENT_TARGET = 11.0;
				PACKAGE_RESOURCE_TARGET_KIND = resource;
				PRODUCT_BUNDLE_IDENTIFIER = Starscream.generated.resources;
				PRODUCT_NAME = Starscream_Starscream;
				SDKROOT = macosx;
				SKIP_INSTALL = YES;
				SWIFT_ACTIVE_COMPILATION_CONDITIONS = (
					"$(inherited)",
					DEBUG,
				);
				SWIFT_COMPILATION_MODE = singlefile;
				SWIFT_OPTIMIZATION_LEVEL = "-Onone";
				VERSIONING_SYSTEM = "";
			};
			name = Wiretapped;
		};
		3F7E361851A9BC7E435368F1 /* Test */ = {
			isa = XCBuildConfiguration;
			buildSettings = {
				CODE_SIGNING_ALLOWED = NO;
				CODE_SIGN_IDENTITY = "-";
				GENERATE_MASTER_OBJECT_FILE = NO;
				INFOPLIST_FILE = "Derived/InfoPlists/Starscream_Starscream-Info.plist";
				MACOSX_DEPLOYMENT_TARGET = 11.0;
				PACKAGE_RESOURCE_TARGET_KIND = resource;
				PRODUCT_BUNDLE_IDENTIFIER = Starscream.generated.resources;
				PRODUCT_NAME = Starscream_Starscream;
				SDKROOT = macosx;
				SKIP_INSTALL = YES;
				SWIFT_ACTIVE_COMPILATION_CONDITIONS = (
					"$(inherited)",
					DEBUG,
				);
				SWIFT_COMPILATION_MODE = singlefile;
				SWIFT_OPTIMIZATION_LEVEL = "-Onone";
				VERSIONING_SYSTEM = "";
			};
			name = Test;
		};
		404742C352B675BF3E1D7734 /* Beta */ = {
			isa = XCBuildConfiguration;
			buildSettings = {
				ALWAYS_SEARCH_USER_PATHS = YES;
				CLANG_ANALYZER_LOCALIZABILITY_NONLOCALIZED = YES;
				CLANG_ANALYZER_NONNULL = YES;
				CLANG_ANALYZER_NUMBER_OBJECT_CONVERSION = YES_AGGRESSIVE;
				CLANG_CXX_LANGUAGE_STANDARD = "gnu++14";
				CLANG_CXX_LIBRARY = "libc++";
				CLANG_ENABLE_MODULES = YES;
				CLANG_ENABLE_OBJC_ARC = YES;
				CLANG_ENABLE_OBJC_WEAK = NO;
				CLANG_WARN_BLOCK_CAPTURE_AUTORELEASING = YES;
				CLANG_WARN_BOOL_CONVERSION = YES;
				CLANG_WARN_COMMA = YES;
				CLANG_WARN_CONSTANT_CONVERSION = YES;
				CLANG_WARN_DEPRECATED_OBJC_IMPLEMENTATIONS = YES;
				CLANG_WARN_DIRECT_OBJC_ISA_USAGE = YES_ERROR;
				CLANG_WARN_DOCUMENTATION_COMMENTS = YES;
				CLANG_WARN_EMPTY_BODY = YES;
				CLANG_WARN_ENUM_CONVERSION = YES;
				CLANG_WARN_INFINITE_RECURSION = YES;
				CLANG_WARN_INT_CONVERSION = YES;
				CLANG_WARN_NON_LITERAL_NULL_CONVERSION = YES;
				CLANG_WARN_OBJC_IMPLICIT_RETAIN_SELF = YES;
				CLANG_WARN_OBJC_LITERAL_CONVERSION = YES;
				CLANG_WARN_OBJC_ROOT_CLASS = YES_ERROR;
				CLANG_WARN_QUOTED_INCLUDE_IN_FRAMEWORK_HEADER = NO;
				CLANG_WARN_RANGE_LOOP_ANALYSIS = YES;
				CLANG_WARN_STRICT_PROTOTYPES = YES;
				CLANG_WARN_SUSPICIOUS_MOVE = YES;
				CLANG_WARN_UNGUARDED_AVAILABILITY = YES_AGGRESSIVE;
				CLANG_WARN_UNREACHABLE_CODE = YES;
				CLANG_WARN__DUPLICATE_METHOD_MATCH = YES;
				COPY_PHASE_STRIP = NO;
				DEAD_CODE_STRIPPING = YES;
				DEBUG_INFORMATION_FORMAT = "dwarf-with-dsym";
				ENABLE_NS_ASSERTIONS = NO;
				ENABLE_STRICT_OBJC_MSGSEND = NO;
				FRAMEWORK_SEARCH_PATHS = (
					"$(inherited)",
					"$(PLATFORM_DIR)/Developer/Library/Frameworks",
				);
				GCC_C_LANGUAGE_STANDARD = gnu11;
				GCC_NO_COMMON_BLOCKS = NO;
				GCC_PREPROCESSOR_DEFINITIONS = (
					"$(inherited)",
					"SWIFT_PACKAGE=1",
				);
				GCC_WARN_64_TO_32_BIT_CONVERSION = YES;
				GCC_WARN_ABOUT_RETURN_TYPE = YES_ERROR;
				GCC_WARN_INHIBIT_ALL_WARNINGS = YES;
				GCC_WARN_UNDECLARED_SELECTOR = YES;
				GCC_WARN_UNINITIALIZED_AUTOS = YES_AGGRESSIVE;
				GCC_WARN_UNUSED_FUNCTION = YES;
				GCC_WARN_UNUSED_VARIABLE = YES;
				MTL_ENABLE_DEBUG_INFO = NO;
				PRODUCT_NAME = "$(TARGET_NAME)";
				SWIFT_ACTIVE_COMPILATION_CONDITIONS = (
					"$(inherited)",
					SWIFT_PACKAGE,
				);
				SWIFT_SUPPRESS_WARNINGS = YES;
				SWIFT_VERSION = 5;
				USE_HEADERMAP = NO;
				VALIDATE_PRODUCT = YES;
			};
			name = Beta;
		};
		4C8985A9B1D336C636214E44 /* Debug */ = {
			isa = XCBuildConfiguration;
			buildSettings = {
				CODE_SIGN_IDENTITY = "";
				COMBINE_HIDPI_IMAGES = YES;
				CURRENT_PROJECT_VERSION = 1;
				DEFINES_MODULE = YES;
				DYLIB_COMPATIBILITY_VERSION = 1;
				DYLIB_CURRENT_VERSION = 1;
				DYLIB_INSTALL_NAME_BASE = "@rpath";
				FRAMEWORK_VERSION = A;
				INFOPLIST_FILE = "Derived/InfoPlists/Starscream-Info.plist";
				INSTALL_PATH = "$(LOCAL_LIBRARY_DIR)/Frameworks";
				LD_RUNPATH_SEARCH_PATHS = (
					"$(inherited)",
					"@executable_path/../Frameworks",
					"@loader_path/../Frameworks",
				);
				MACH_O_TYPE = staticlib;
				MACOSX_DEPLOYMENT_TARGET = 11.0;
				OTHER_SWIFT_FLAGS = "$(inherited)";
				PACKAGE_RESOURCE_BUNDLE_NAME = Starscream_Starscream;
				PACKAGE_RESOURCE_TARGET_KIND = regular;
				PRODUCT_BUNDLE_IDENTIFIER = Starscream;
				PRODUCT_NAME = Starscream;
				SDKROOT = macosx;
				SKIP_INSTALL = YES;
				SWIFT_ACTIVE_COMPILATION_CONDITIONS = (
					"$(inherited)",
					DEBUG,
				);
				SWIFT_COMPILATION_MODE = singlefile;
				SWIFT_OPTIMIZATION_LEVEL = "-Onone";
				VERSIONING_SYSTEM = "apple-generic";
				VERSION_INFO_PREFIX = "";
			};
			name = Debug;
		};
		4FEE0EE2875B412795CAFF8B /* Release */ = {
			isa = XCBuildConfiguration;
			buildSettings = {
				CODE_SIGN_IDENTITY = "";
				COMBINE_HIDPI_IMAGES = YES;
				CURRENT_PROJECT_VERSION = 1;
				DEFINES_MODULE = YES;
				DYLIB_COMPATIBILITY_VERSION = 1;
				DYLIB_CURRENT_VERSION = 1;
				DYLIB_INSTALL_NAME_BASE = "@rpath";
				FRAMEWORK_VERSION = A;
				INFOPLIST_FILE = "Derived/InfoPlists/Starscream-Info.plist";
				INSTALL_PATH = "$(LOCAL_LIBRARY_DIR)/Frameworks";
				LD_RUNPATH_SEARCH_PATHS = (
					"$(inherited)",
					"@executable_path/../Frameworks",
					"@loader_path/../Frameworks",
				);
				MACH_O_TYPE = staticlib;
				MACOSX_DEPLOYMENT_TARGET = 11.0;
				OTHER_SWIFT_FLAGS = "$(inherited)";
				PACKAGE_RESOURCE_BUNDLE_NAME = Starscream_Starscream;
				PACKAGE_RESOURCE_TARGET_KIND = regular;
				PRODUCT_BUNDLE_IDENTIFIER = Starscream;
				PRODUCT_NAME = Starscream;
				SDKROOT = macosx;
				SKIP_INSTALL = YES;
				SWIFT_COMPILATION_MODE = wholemodule;
				SWIFT_OPTIMIZATION_LEVEL = "-O";
				VERSIONING_SYSTEM = "apple-generic";
				VERSION_INFO_PREFIX = "";
			};
			name = Release;
		};
		5DB729054B0B3AFB2F1AA789 /* Test */ = {
			isa = XCBuildConfiguration;
			buildSettings = {
				CODE_SIGN_IDENTITY = "";
				COMBINE_HIDPI_IMAGES = YES;
				CURRENT_PROJECT_VERSION = 1;
				DEFINES_MODULE = YES;
				DYLIB_COMPATIBILITY_VERSION = 1;
				DYLIB_CURRENT_VERSION = 1;
				DYLIB_INSTALL_NAME_BASE = "@rpath";
				FRAMEWORK_VERSION = A;
				INFOPLIST_FILE = "Derived/InfoPlists/Starscream-Info.plist";
				INSTALL_PATH = "$(LOCAL_LIBRARY_DIR)/Frameworks";
				LD_RUNPATH_SEARCH_PATHS = (
					"$(inherited)",
					"@executable_path/../Frameworks",
					"@loader_path/../Frameworks",
				);
				MACH_O_TYPE = staticlib;
				MACOSX_DEPLOYMENT_TARGET = 11.0;
				OTHER_SWIFT_FLAGS = "$(inherited)";
				PACKAGE_RESOURCE_BUNDLE_NAME = Starscream_Starscream;
				PACKAGE_RESOURCE_TARGET_KIND = regular;
				PRODUCT_BUNDLE_IDENTIFIER = Starscream;
				PRODUCT_NAME = Starscream;
				SDKROOT = macosx;
				SKIP_INSTALL = YES;
				SWIFT_ACTIVE_COMPILATION_CONDITIONS = (
					"$(inherited)",
					DEBUG,
				);
				SWIFT_COMPILATION_MODE = singlefile;
				SWIFT_OPTIMIZATION_LEVEL = "-Onone";
				VERSIONING_SYSTEM = "apple-generic";
				VERSION_INFO_PREFIX = "";
			};
			name = Test;
		};
		6391C782954C965273953FA7 /* Analyze */ = {
			isa = XCBuildConfiguration;
			buildSettings = {
				CODE_SIGNING_ALLOWED = NO;
				CODE_SIGN_IDENTITY = "-";
				GENERATE_MASTER_OBJECT_FILE = NO;
				INFOPLIST_FILE = "Derived/InfoPlists/Starscream_Starscream-Info.plist";
				MACOSX_DEPLOYMENT_TARGET = 11.0;
				PACKAGE_RESOURCE_TARGET_KIND = resource;
				PRODUCT_BUNDLE_IDENTIFIER = Starscream.generated.resources;
				PRODUCT_NAME = Starscream_Starscream;
				SDKROOT = macosx;
				SKIP_INSTALL = YES;
				SWIFT_ACTIVE_COMPILATION_CONDITIONS = (
					"$(inherited)",
					DEBUG,
				);
				SWIFT_COMPILATION_MODE = singlefile;
				SWIFT_OPTIMIZATION_LEVEL = "-Onone";
				VERSIONING_SYSTEM = "";
			};
			name = Analyze;
		};
		7A12B364D96583730D9B16FD /* Analyze */ = {
			isa = XCBuildConfiguration;
			buildSettings = {
				ALWAYS_SEARCH_USER_PATHS = YES;
				CLANG_ANALYZER_LOCALIZABILITY_NONLOCALIZED = YES;
				CLANG_ANALYZER_NONNULL = YES;
				CLANG_ANALYZER_NUMBER_OBJECT_CONVERSION = YES_AGGRESSIVE;
				CLANG_CXX_LANGUAGE_STANDARD = "gnu++14";
				CLANG_CXX_LIBRARY = "libc++";
				CLANG_ENABLE_MODULES = YES;
				CLANG_ENABLE_OBJC_ARC = YES;
				CLANG_ENABLE_OBJC_WEAK = NO;
				CLANG_WARN_BLOCK_CAPTURE_AUTORELEASING = YES;
				CLANG_WARN_BOOL_CONVERSION = YES;
				CLANG_WARN_COMMA = YES;
				CLANG_WARN_CONSTANT_CONVERSION = YES;
				CLANG_WARN_DEPRECATED_OBJC_IMPLEMENTATIONS = YES;
				CLANG_WARN_DIRECT_OBJC_ISA_USAGE = YES_ERROR;
				CLANG_WARN_DOCUMENTATION_COMMENTS = YES;
				CLANG_WARN_EMPTY_BODY = YES;
				CLANG_WARN_ENUM_CONVERSION = YES;
				CLANG_WARN_INFINITE_RECURSION = YES;
				CLANG_WARN_INT_CONVERSION = YES;
				CLANG_WARN_NON_LITERAL_NULL_CONVERSION = YES;
				CLANG_WARN_OBJC_IMPLICIT_RETAIN_SELF = YES;
				CLANG_WARN_OBJC_LITERAL_CONVERSION = YES;
				CLANG_WARN_OBJC_ROOT_CLASS = YES_ERROR;
				CLANG_WARN_QUOTED_INCLUDE_IN_FRAMEWORK_HEADER = NO;
				CLANG_WARN_RANGE_LOOP_ANALYSIS = YES;
				CLANG_WARN_STRICT_PROTOTYPES = YES;
				CLANG_WARN_SUSPICIOUS_MOVE = YES;
				CLANG_WARN_UNGUARDED_AVAILABILITY = YES_AGGRESSIVE;
				CLANG_WARN_UNREACHABLE_CODE = YES;
				CLANG_WARN__DUPLICATE_METHOD_MATCH = YES;
				COPY_PHASE_STRIP = NO;
				DEAD_CODE_STRIPPING = YES;
				DEBUG_INFORMATION_FORMAT = dwarf;
				ENABLE_STRICT_OBJC_MSGSEND = NO;
				ENABLE_TESTABILITY = YES;
				FRAMEWORK_SEARCH_PATHS = (
					"$(inherited)",
					"$(PLATFORM_DIR)/Developer/Library/Frameworks",
				);
				GCC_C_LANGUAGE_STANDARD = gnu11;
				GCC_DYNAMIC_NO_PIC = NO;
				GCC_NO_COMMON_BLOCKS = NO;
				GCC_OPTIMIZATION_LEVEL = 0;
				GCC_PREPROCESSOR_DEFINITIONS = (
					"$(inherited)",
					"DEBUG=1",
					"SWIFT_PACKAGE=1",
				);
				GCC_WARN_64_TO_32_BIT_CONVERSION = YES;
				GCC_WARN_ABOUT_RETURN_TYPE = YES_ERROR;
				GCC_WARN_INHIBIT_ALL_WARNINGS = YES;
				GCC_WARN_UNDECLARED_SELECTOR = YES;
				GCC_WARN_UNINITIALIZED_AUTOS = YES_AGGRESSIVE;
				GCC_WARN_UNUSED_FUNCTION = YES;
				GCC_WARN_UNUSED_VARIABLE = YES;
				MTL_ENABLE_DEBUG_INFO = YES;
				ONLY_ACTIVE_ARCH = YES;
				PRODUCT_NAME = "$(TARGET_NAME)";
				SWIFT_ACTIVE_COMPILATION_CONDITIONS = (
					"$(inherited)",
					SWIFT_PACKAGE,
				);
				SWIFT_SUPPRESS_WARNINGS = YES;
				SWIFT_VERSION = 5;
				USE_HEADERMAP = NO;
			};
			name = Analyze;
		};
		7C69E6EC8304511343BE7D81 /* Alpha */ = {
			isa = XCBuildConfiguration;
			buildSettings = {
				CODE_SIGNING_ALLOWED = NO;
				CODE_SIGN_IDENTITY = "-";
				GENERATE_MASTER_OBJECT_FILE = NO;
				INFOPLIST_FILE = "Derived/InfoPlists/Starscream_Starscream-Info.plist";
				MACOSX_DEPLOYMENT_TARGET = 11.0;
				PACKAGE_RESOURCE_TARGET_KIND = resource;
				PRODUCT_BUNDLE_IDENTIFIER = Starscream.generated.resources;
				PRODUCT_NAME = Starscream_Starscream;
				SDKROOT = macosx;
				SKIP_INSTALL = YES;
				SWIFT_COMPILATION_MODE = wholemodule;
				SWIFT_OPTIMIZATION_LEVEL = "-O";
				VERSIONING_SYSTEM = "";
			};
			name = Alpha;
		};
		88A5AD65D241C1114FC610D8 /* Debug */ = {
			isa = XCBuildConfiguration;
			buildSettings = {
				CODE_SIGNING_ALLOWED = NO;
				CODE_SIGN_IDENTITY = "-";
				GENERATE_MASTER_OBJECT_FILE = NO;
				INFOPLIST_FILE = "Derived/InfoPlists/Starscream_Starscream-Info.plist";
				MACOSX_DEPLOYMENT_TARGET = 11.0;
				PACKAGE_RESOURCE_TARGET_KIND = resource;
				PRODUCT_BUNDLE_IDENTIFIER = Starscream.generated.resources;
				PRODUCT_NAME = Starscream_Starscream;
				SDKROOT = macosx;
				SKIP_INSTALL = YES;
				SWIFT_ACTIVE_COMPILATION_CONDITIONS = (
					"$(inherited)",
					DEBUG,
				);
				SWIFT_COMPILATION_MODE = singlefile;
				SWIFT_OPTIMIZATION_LEVEL = "-Onone";
				VERSIONING_SYSTEM = "";
			};
			name = Debug;
		};
		89C57ED46D886CC6CFA787CD /* Wiretapped */ = {
			isa = XCBuildConfiguration;
			buildSettings = {
				ALWAYS_SEARCH_USER_PATHS = YES;
				CLANG_ANALYZER_LOCALIZABILITY_NONLOCALIZED = YES;
				CLANG_ANALYZER_NONNULL = YES;
				CLANG_ANALYZER_NUMBER_OBJECT_CONVERSION = YES_AGGRESSIVE;
				CLANG_CXX_LANGUAGE_STANDARD = "gnu++14";
				CLANG_CXX_LIBRARY = "libc++";
				CLANG_ENABLE_MODULES = YES;
				CLANG_ENABLE_OBJC_ARC = YES;
				CLANG_ENABLE_OBJC_WEAK = NO;
				CLANG_WARN_BLOCK_CAPTURE_AUTORELEASING = YES;
				CLANG_WARN_BOOL_CONVERSION = YES;
				CLANG_WARN_COMMA = YES;
				CLANG_WARN_CONSTANT_CONVERSION = YES;
				CLANG_WARN_DEPRECATED_OBJC_IMPLEMENTATIONS = YES;
				CLANG_WARN_DIRECT_OBJC_ISA_USAGE = YES_ERROR;
				CLANG_WARN_DOCUMENTATION_COMMENTS = YES;
				CLANG_WARN_EMPTY_BODY = YES;
				CLANG_WARN_ENUM_CONVERSION = YES;
				CLANG_WARN_INFINITE_RECURSION = YES;
				CLANG_WARN_INT_CONVERSION = YES;
				CLANG_WARN_NON_LITERAL_NULL_CONVERSION = YES;
				CLANG_WARN_OBJC_IMPLICIT_RETAIN_SELF = YES;
				CLANG_WARN_OBJC_LITERAL_CONVERSION = YES;
				CLANG_WARN_OBJC_ROOT_CLASS = YES_ERROR;
				CLANG_WARN_QUOTED_INCLUDE_IN_FRAMEWORK_HEADER = NO;
				CLANG_WARN_RANGE_LOOP_ANALYSIS = YES;
				CLANG_WARN_STRICT_PROTOTYPES = YES;
				CLANG_WARN_SUSPICIOUS_MOVE = YES;
				CLANG_WARN_UNGUARDED_AVAILABILITY = YES_AGGRESSIVE;
				CLANG_WARN_UNREACHABLE_CODE = YES;
				CLANG_WARN__DUPLICATE_METHOD_MATCH = YES;
				COPY_PHASE_STRIP = NO;
				DEAD_CODE_STRIPPING = YES;
				DEBUG_INFORMATION_FORMAT = dwarf;
				ENABLE_STRICT_OBJC_MSGSEND = NO;
				ENABLE_TESTABILITY = YES;
				FRAMEWORK_SEARCH_PATHS = (
					"$(inherited)",
					"$(PLATFORM_DIR)/Developer/Library/Frameworks",
				);
				GCC_C_LANGUAGE_STANDARD = gnu11;
				GCC_DYNAMIC_NO_PIC = NO;
				GCC_NO_COMMON_BLOCKS = NO;
				GCC_OPTIMIZATION_LEVEL = 0;
				GCC_PREPROCESSOR_DEFINITIONS = (
					"$(inherited)",
					"DEBUG=1",
					"SWIFT_PACKAGE=1",
				);
				GCC_WARN_64_TO_32_BIT_CONVERSION = YES;
				GCC_WARN_ABOUT_RETURN_TYPE = YES_ERROR;
				GCC_WARN_INHIBIT_ALL_WARNINGS = YES;
				GCC_WARN_UNDECLARED_SELECTOR = YES;
				GCC_WARN_UNINITIALIZED_AUTOS = YES_AGGRESSIVE;
				GCC_WARN_UNUSED_FUNCTION = YES;
				GCC_WARN_UNUSED_VARIABLE = YES;
				MTL_ENABLE_DEBUG_INFO = YES;
				ONLY_ACTIVE_ARCH = YES;
				PRODUCT_NAME = "$(TARGET_NAME)";
				SWIFT_ACTIVE_COMPILATION_CONDITIONS = (
					"$(inherited)",
					SWIFT_PACKAGE,
				);
				SWIFT_SUPPRESS_WARNINGS = YES;
				SWIFT_VERSION = 5;
				USE_HEADERMAP = NO;
			};
			name = Wiretapped;
		};
		9CD79D5C7202168D78EADF31 /* Analyze */ = {
			isa = XCBuildConfiguration;
			buildSettings = {
				CODE_SIGN_IDENTITY = "";
				COMBINE_HIDPI_IMAGES = YES;
				CURRENT_PROJECT_VERSION = 1;
				DEFINES_MODULE = YES;
				DYLIB_COMPATIBILITY_VERSION = 1;
				DYLIB_CURRENT_VERSION = 1;
				DYLIB_INSTALL_NAME_BASE = "@rpath";
				FRAMEWORK_VERSION = A;
				INFOPLIST_FILE = "Derived/InfoPlists/Starscream-Info.plist";
				INSTALL_PATH = "$(LOCAL_LIBRARY_DIR)/Frameworks";
				LD_RUNPATH_SEARCH_PATHS = (
					"$(inherited)",
					"@executable_path/../Frameworks",
					"@loader_path/../Frameworks",
				);
				MACH_O_TYPE = staticlib;
				MACOSX_DEPLOYMENT_TARGET = 11.0;
				OTHER_SWIFT_FLAGS = "$(inherited)";
				PACKAGE_RESOURCE_BUNDLE_NAME = Starscream_Starscream;
				PACKAGE_RESOURCE_TARGET_KIND = regular;
				PRODUCT_BUNDLE_IDENTIFIER = Starscream;
				PRODUCT_NAME = Starscream;
				SDKROOT = macosx;
				SKIP_INSTALL = YES;
				SWIFT_ACTIVE_COMPILATION_CONDITIONS = (
					"$(inherited)",
					DEBUG,
				);
				SWIFT_COMPILATION_MODE = singlefile;
				SWIFT_OPTIMIZATION_LEVEL = "-Onone";
				VERSIONING_SYSTEM = "apple-generic";
				VERSION_INFO_PREFIX = "";
			};
			name = Analyze;
		};
		A125DCC7BA908DAE79373DB8 /* Beta */ = {
			isa = XCBuildConfiguration;
			buildSettings = {
				CODE_SIGN_IDENTITY = "";
				COMBINE_HIDPI_IMAGES = YES;
				CURRENT_PROJECT_VERSION = 1;
				DEFINES_MODULE = YES;
				DYLIB_COMPATIBILITY_VERSION = 1;
				DYLIB_CURRENT_VERSION = 1;
				DYLIB_INSTALL_NAME_BASE = "@rpath";
				FRAMEWORK_VERSION = A;
				INFOPLIST_FILE = "Derived/InfoPlists/Starscream-Info.plist";
				INSTALL_PATH = "$(LOCAL_LIBRARY_DIR)/Frameworks";
				LD_RUNPATH_SEARCH_PATHS = (
					"$(inherited)",
					"@executable_path/../Frameworks",
					"@loader_path/../Frameworks",
				);
				MACH_O_TYPE = staticlib;
				MACOSX_DEPLOYMENT_TARGET = 11.0;
				OTHER_SWIFT_FLAGS = "$(inherited)";
				PACKAGE_RESOURCE_BUNDLE_NAME = Starscream_Starscream;
				PACKAGE_RESOURCE_TARGET_KIND = regular;
				PRODUCT_BUNDLE_IDENTIFIER = Starscream;
				PRODUCT_NAME = Starscream;
				SDKROOT = macosx;
				SKIP_INSTALL = YES;
				SWIFT_COMPILATION_MODE = wholemodule;
				SWIFT_OPTIMIZATION_LEVEL = "-O";
				VERSIONING_SYSTEM = "apple-generic";
				VERSION_INFO_PREFIX = "";
			};
			name = Beta;
		};
		AD04F20E5D0B839F07ACBD12 /* Release */ = {
			isa = XCBuildConfiguration;
			buildSettings = {
				CODE_SIGNING_ALLOWED = NO;
				CODE_SIGN_IDENTITY = "-";
				GENERATE_MASTER_OBJECT_FILE = NO;
				INFOPLIST_FILE = "Derived/InfoPlists/Starscream_Starscream-Info.plist";
				MACOSX_DEPLOYMENT_TARGET = 11.0;
				PACKAGE_RESOURCE_TARGET_KIND = resource;
				PRODUCT_BUNDLE_IDENTIFIER = Starscream.generated.resources;
				PRODUCT_NAME = Starscream_Starscream;
				SDKROOT = macosx;
				SKIP_INSTALL = YES;
				SWIFT_COMPILATION_MODE = wholemodule;
				SWIFT_OPTIMIZATION_LEVEL = "-O";
				VERSIONING_SYSTEM = "";
			};
			name = Release;
		};
		C3A761AFAAB8886B96A2BAB8 /* Beta */ = {
			isa = XCBuildConfiguration;
			buildSettings = {
				CODE_SIGNING_ALLOWED = NO;
				CODE_SIGN_IDENTITY = "-";
				GENERATE_MASTER_OBJECT_FILE = NO;
				INFOPLIST_FILE = "Derived/InfoPlists/Starscream_Starscream-Info.plist";
				MACOSX_DEPLOYMENT_TARGET = 11.0;
				PACKAGE_RESOURCE_TARGET_KIND = resource;
				PRODUCT_BUNDLE_IDENTIFIER = Starscream.generated.resources;
				PRODUCT_NAME = Starscream_Starscream;
				SDKROOT = macosx;
				SKIP_INSTALL = YES;
				SWIFT_COMPILATION_MODE = wholemodule;
				SWIFT_OPTIMIZATION_LEVEL = "-O";
				VERSIONING_SYSTEM = "";
			};
			name = Beta;
		};
		D1E5776782434ECB3C9AD1A1 /* Debug */ = {
			isa = XCBuildConfiguration;
			buildSettings = {
				ALWAYS_SEARCH_USER_PATHS = YES;
				CLANG_ANALYZER_LOCALIZABILITY_NONLOCALIZED = YES;
				CLANG_ANALYZER_NONNULL = YES;
				CLANG_ANALYZER_NUMBER_OBJECT_CONVERSION = YES_AGGRESSIVE;
				CLANG_CXX_LANGUAGE_STANDARD = "gnu++14";
				CLANG_CXX_LIBRARY = "libc++";
				CLANG_ENABLE_MODULES = YES;
				CLANG_ENABLE_OBJC_ARC = YES;
				CLANG_ENABLE_OBJC_WEAK = NO;
				CLANG_WARN_BLOCK_CAPTURE_AUTORELEASING = YES;
				CLANG_WARN_BOOL_CONVERSION = YES;
				CLANG_WARN_COMMA = YES;
				CLANG_WARN_CONSTANT_CONVERSION = YES;
				CLANG_WARN_DEPRECATED_OBJC_IMPLEMENTATIONS = YES;
				CLANG_WARN_DIRECT_OBJC_ISA_USAGE = YES_ERROR;
				CLANG_WARN_DOCUMENTATION_COMMENTS = YES;
				CLANG_WARN_EMPTY_BODY = YES;
				CLANG_WARN_ENUM_CONVERSION = YES;
				CLANG_WARN_INFINITE_RECURSION = YES;
				CLANG_WARN_INT_CONVERSION = YES;
				CLANG_WARN_NON_LITERAL_NULL_CONVERSION = YES;
				CLANG_WARN_OBJC_IMPLICIT_RETAIN_SELF = YES;
				CLANG_WARN_OBJC_LITERAL_CONVERSION = YES;
				CLANG_WARN_OBJC_ROOT_CLASS = YES_ERROR;
				CLANG_WARN_QUOTED_INCLUDE_IN_FRAMEWORK_HEADER = NO;
				CLANG_WARN_RANGE_LOOP_ANALYSIS = YES;
				CLANG_WARN_STRICT_PROTOTYPES = YES;
				CLANG_WARN_SUSPICIOUS_MOVE = YES;
				CLANG_WARN_UNGUARDED_AVAILABILITY = YES_AGGRESSIVE;
				CLANG_WARN_UNREACHABLE_CODE = YES;
				CLANG_WARN__DUPLICATE_METHOD_MATCH = YES;
				COPY_PHASE_STRIP = NO;
				DEAD_CODE_STRIPPING = YES;
				DEBUG_INFORMATION_FORMAT = dwarf;
				ENABLE_STRICT_OBJC_MSGSEND = NO;
				ENABLE_TESTABILITY = YES;
				FRAMEWORK_SEARCH_PATHS = (
					"$(inherited)",
					"$(PLATFORM_DIR)/Developer/Library/Frameworks",
				);
				GCC_C_LANGUAGE_STANDARD = gnu11;
				GCC_DYNAMIC_NO_PIC = NO;
				GCC_NO_COMMON_BLOCKS = NO;
				GCC_OPTIMIZATION_LEVEL = 0;
				GCC_PREPROCESSOR_DEFINITIONS = (
					"$(inherited)",
					"DEBUG=1",
					"SWIFT_PACKAGE=1",
				);
				GCC_WARN_64_TO_32_BIT_CONVERSION = YES;
				GCC_WARN_ABOUT_RETURN_TYPE = YES_ERROR;
				GCC_WARN_INHIBIT_ALL_WARNINGS = YES;
				GCC_WARN_UNDECLARED_SELECTOR = YES;
				GCC_WARN_UNINITIALIZED_AUTOS = YES_AGGRESSIVE;
				GCC_WARN_UNUSED_FUNCTION = YES;
				GCC_WARN_UNUSED_VARIABLE = YES;
				MTL_ENABLE_DEBUG_INFO = YES;
				ONLY_ACTIVE_ARCH = YES;
				PRODUCT_NAME = "$(TARGET_NAME)";
				SWIFT_ACTIVE_COMPILATION_CONDITIONS = (
					"$(inherited)",
					SWIFT_PACKAGE,
				);
				SWIFT_SUPPRESS_WARNINGS = YES;
				SWIFT_VERSION = 5;
				USE_HEADERMAP = NO;
			};
			name = Debug;
		};
		D4744D9B58587D20BC561F0B /* Release */ = {
			isa = XCBuildConfiguration;
			buildSettings = {
				ALWAYS_SEARCH_USER_PATHS = YES;
				CLANG_ANALYZER_LOCALIZABILITY_NONLOCALIZED = YES;
				CLANG_ANALYZER_NONNULL = YES;
				CLANG_ANALYZER_NUMBER_OBJECT_CONVERSION = YES_AGGRESSIVE;
				CLANG_CXX_LANGUAGE_STANDARD = "gnu++14";
				CLANG_CXX_LIBRARY = "libc++";
				CLANG_ENABLE_MODULES = YES;
				CLANG_ENABLE_OBJC_ARC = YES;
				CLANG_ENABLE_OBJC_WEAK = NO;
				CLANG_WARN_BLOCK_CAPTURE_AUTORELEASING = YES;
				CLANG_WARN_BOOL_CONVERSION = YES;
				CLANG_WARN_COMMA = YES;
				CLANG_WARN_CONSTANT_CONVERSION = YES;
				CLANG_WARN_DEPRECATED_OBJC_IMPLEMENTATIONS = YES;
				CLANG_WARN_DIRECT_OBJC_ISA_USAGE = YES_ERROR;
				CLANG_WARN_DOCUMENTATION_COMMENTS = YES;
				CLANG_WARN_EMPTY_BODY = YES;
				CLANG_WARN_ENUM_CONVERSION = YES;
				CLANG_WARN_INFINITE_RECURSION = YES;
				CLANG_WARN_INT_CONVERSION = YES;
				CLANG_WARN_NON_LITERAL_NULL_CONVERSION = YES;
				CLANG_WARN_OBJC_IMPLICIT_RETAIN_SELF = YES;
				CLANG_WARN_OBJC_LITERAL_CONVERSION = YES;
				CLANG_WARN_OBJC_ROOT_CLASS = YES_ERROR;
				CLANG_WARN_QUOTED_INCLUDE_IN_FRAMEWORK_HEADER = NO;
				CLANG_WARN_RANGE_LOOP_ANALYSIS = YES;
				CLANG_WARN_STRICT_PROTOTYPES = YES;
				CLANG_WARN_SUSPICIOUS_MOVE = YES;
				CLANG_WARN_UNGUARDED_AVAILABILITY = YES_AGGRESSIVE;
				CLANG_WARN_UNREACHABLE_CODE = YES;
				CLANG_WARN__DUPLICATE_METHOD_MATCH = YES;
				COPY_PHASE_STRIP = NO;
				DEAD_CODE_STRIPPING = YES;
				DEBUG_INFORMATION_FORMAT = "dwarf-with-dsym";
				ENABLE_NS_ASSERTIONS = NO;
				ENABLE_STRICT_OBJC_MSGSEND = NO;
				FRAMEWORK_SEARCH_PATHS = (
					"$(inherited)",
					"$(PLATFORM_DIR)/Developer/Library/Frameworks",
				);
				GCC_C_LANGUAGE_STANDARD = gnu11;
				GCC_NO_COMMON_BLOCKS = NO;
				GCC_PREPROCESSOR_DEFINITIONS = (
					"$(inherited)",
					"SWIFT_PACKAGE=1",
				);
				GCC_WARN_64_TO_32_BIT_CONVERSION = YES;
				GCC_WARN_ABOUT_RETURN_TYPE = YES_ERROR;
				GCC_WARN_INHIBIT_ALL_WARNINGS = YES;
				GCC_WARN_UNDECLARED_SELECTOR = YES;
				GCC_WARN_UNINITIALIZED_AUTOS = YES_AGGRESSIVE;
				GCC_WARN_UNUSED_FUNCTION = YES;
				GCC_WARN_UNUSED_VARIABLE = YES;
				MTL_ENABLE_DEBUG_INFO = NO;
				PRODUCT_NAME = "$(TARGET_NAME)";
				SWIFT_ACTIVE_COMPILATION_CONDITIONS = (
					"$(inherited)",
					SWIFT_PACKAGE,
				);
				SWIFT_SUPPRESS_WARNINGS = YES;
				SWIFT_VERSION = 5;
				USE_HEADERMAP = NO;
				VALIDATE_PRODUCT = YES;
			};
			name = Release;
		};
		DEC471EE56615B5026C9C858 /* Test */ = {
			isa = XCBuildConfiguration;
			buildSettings = {
				ALWAYS_SEARCH_USER_PATHS = YES;
				CLANG_ANALYZER_LOCALIZABILITY_NONLOCALIZED = YES;
				CLANG_ANALYZER_NONNULL = YES;
				CLANG_ANALYZER_NUMBER_OBJECT_CONVERSION = YES_AGGRESSIVE;
				CLANG_CXX_LANGUAGE_STANDARD = "gnu++14";
				CLANG_CXX_LIBRARY = "libc++";
				CLANG_ENABLE_MODULES = YES;
				CLANG_ENABLE_OBJC_ARC = YES;
				CLANG_ENABLE_OBJC_WEAK = NO;
				CLANG_WARN_BLOCK_CAPTURE_AUTORELEASING = YES;
				CLANG_WARN_BOOL_CONVERSION = YES;
				CLANG_WARN_COMMA = YES;
				CLANG_WARN_CONSTANT_CONVERSION = YES;
				CLANG_WARN_DEPRECATED_OBJC_IMPLEMENTATIONS = YES;
				CLANG_WARN_DIRECT_OBJC_ISA_USAGE = YES_ERROR;
				CLANG_WARN_DOCUMENTATION_COMMENTS = YES;
				CLANG_WARN_EMPTY_BODY = YES;
				CLANG_WARN_ENUM_CONVERSION = YES;
				CLANG_WARN_INFINITE_RECURSION = YES;
				CLANG_WARN_INT_CONVERSION = YES;
				CLANG_WARN_NON_LITERAL_NULL_CONVERSION = YES;
				CLANG_WARN_OBJC_IMPLICIT_RETAIN_SELF = YES;
				CLANG_WARN_OBJC_LITERAL_CONVERSION = YES;
				CLANG_WARN_OBJC_ROOT_CLASS = YES_ERROR;
				CLANG_WARN_QUOTED_INCLUDE_IN_FRAMEWORK_HEADER = NO;
				CLANG_WARN_RANGE_LOOP_ANALYSIS = YES;
				CLANG_WARN_STRICT_PROTOTYPES = YES;
				CLANG_WARN_SUSPICIOUS_MOVE = YES;
				CLANG_WARN_UNGUARDED_AVAILABILITY = YES_AGGRESSIVE;
				CLANG_WARN_UNREACHABLE_CODE = YES;
				CLANG_WARN__DUPLICATE_METHOD_MATCH = YES;
				COPY_PHASE_STRIP = NO;
				DEAD_CODE_STRIPPING = YES;
				DEBUG_INFORMATION_FORMAT = dwarf;
				ENABLE_STRICT_OBJC_MSGSEND = NO;
				ENABLE_TESTABILITY = YES;
				FRAMEWORK_SEARCH_PATHS = (
					"$(inherited)",
					"$(PLATFORM_DIR)/Developer/Library/Frameworks",
				);
				GCC_C_LANGUAGE_STANDARD = gnu11;
				GCC_DYNAMIC_NO_PIC = NO;
				GCC_NO_COMMON_BLOCKS = NO;
				GCC_OPTIMIZATION_LEVEL = 0;
				GCC_PREPROCESSOR_DEFINITIONS = (
					"$(inherited)",
					"DEBUG=1",
					"SWIFT_PACKAGE=1",
				);
				GCC_WARN_64_TO_32_BIT_CONVERSION = YES;
				GCC_WARN_ABOUT_RETURN_TYPE = YES_ERROR;
				GCC_WARN_INHIBIT_ALL_WARNINGS = YES;
				GCC_WARN_UNDECLARED_SELECTOR = YES;
				GCC_WARN_UNINITIALIZED_AUTOS = YES_AGGRESSIVE;
				GCC_WARN_UNUSED_FUNCTION = YES;
				GCC_WARN_UNUSED_VARIABLE = YES;
				MTL_ENABLE_DEBUG_INFO = YES;
				ONLY_ACTIVE_ARCH = YES;
				PRODUCT_NAME = "$(TARGET_NAME)";
				SWIFT_ACTIVE_COMPILATION_CONDITIONS = (
					"$(inherited)",
					SWIFT_PACKAGE,
				);
				SWIFT_SUPPRESS_WARNINGS = YES;
				SWIFT_VERSION = 5;
				USE_HEADERMAP = NO;
			};
			name = Test;
		};
		EFE18E12B9AA80AF99ACD9C1 /* Wiretapped */ = {
			isa = XCBuildConfiguration;
			buildSettings = {
				CODE_SIGN_IDENTITY = "";
				COMBINE_HIDPI_IMAGES = YES;
				CURRENT_PROJECT_VERSION = 1;
				DEFINES_MODULE = YES;
				DYLIB_COMPATIBILITY_VERSION = 1;
				DYLIB_CURRENT_VERSION = 1;
				DYLIB_INSTALL_NAME_BASE = "@rpath";
				FRAMEWORK_VERSION = A;
				INFOPLIST_FILE = "Derived/InfoPlists/Starscream-Info.plist";
				INSTALL_PATH = "$(LOCAL_LIBRARY_DIR)/Frameworks";
				LD_RUNPATH_SEARCH_PATHS = (
					"$(inherited)",
					"@executable_path/../Frameworks",
					"@loader_path/../Frameworks",
				);
				MACH_O_TYPE = staticlib;
				MACOSX_DEPLOYMENT_TARGET = 11.0;
				OTHER_SWIFT_FLAGS = "$(inherited)";
				PACKAGE_RESOURCE_BUNDLE_NAME = Starscream_Starscream;
				PACKAGE_RESOURCE_TARGET_KIND = regular;
				PRODUCT_BUNDLE_IDENTIFIER = Starscream;
				PRODUCT_NAME = Starscream;
				SDKROOT = macosx;
				SKIP_INSTALL = YES;
				SWIFT_ACTIVE_COMPILATION_CONDITIONS = (
					"$(inherited)",
					DEBUG,
				);
				SWIFT_COMPILATION_MODE = singlefile;
				SWIFT_OPTIMIZATION_LEVEL = "-Onone";
				VERSIONING_SYSTEM = "apple-generic";
				VERSION_INFO_PREFIX = "";
			};
			name = Wiretapped;
		};
/* End XCBuildConfiguration section */

/* Begin XCConfigurationList section */
		A245351F01698B753F656BBD /* Build configuration list for PBXNativeTarget "Starscream" */ = {
			isa = XCConfigurationList;
			buildConfigurations = (
				33601E722D3898C78210C43E /* Alpha */,
				9CD79D5C7202168D78EADF31 /* Analyze */,
				A125DCC7BA908DAE79373DB8 /* Beta */,
				4C8985A9B1D336C636214E44 /* Debug */,
				4FEE0EE2875B412795CAFF8B /* Release */,
				5DB729054B0B3AFB2F1AA789 /* Test */,
				EFE18E12B9AA80AF99ACD9C1 /* Wiretapped */,
			);
			defaultConfigurationIsVisible = 0;
			defaultConfigurationName = Release;
		};
		BFB59D2EE74615343C1EA8F5 /* Build configuration list for PBXNativeTarget "Starscream_Starscream" */ = {
			isa = XCConfigurationList;
			buildConfigurations = (
				7C69E6EC8304511343BE7D81 /* Alpha */,
				6391C782954C965273953FA7 /* Analyze */,
				C3A761AFAAB8886B96A2BAB8 /* Beta */,
				88A5AD65D241C1114FC610D8 /* Debug */,
				AD04F20E5D0B839F07ACBD12 /* Release */,
				3F7E361851A9BC7E435368F1 /* Test */,
				378572E4B909360193FA414D /* Wiretapped */,
			);
			defaultConfigurationIsVisible = 0;
			defaultConfigurationName = Release;
		};
		FE551F1CF43145CCFFD047A2 /* Build configuration list for PBXProject "Starscream" */ = {
			isa = XCConfigurationList;
			buildConfigurations = (
				1DE1575AB293F019D7E03315 /* Alpha */,
				7A12B364D96583730D9B16FD /* Analyze */,
				404742C352B675BF3E1D7734 /* Beta */,
				D1E5776782434ECB3C9AD1A1 /* Debug */,
				D4744D9B58587D20BC561F0B /* Release */,
				DEC471EE56615B5026C9C858 /* Test */,
				89C57ED46D886CC6CFA787CD /* Wiretapped */,
			);
			defaultConfigurationIsVisible = 0;
			defaultConfigurationName = Release;
		};
/* End XCConfigurationList section */
	};
	rootObject = 275C2116BC66F0AC827AEDDC /* Project object */;
}
